{

  "name": "@nagavarshini/medium-commonnew",

  "version": "2.0.0",

  "lockfileVersion": 3,

  "requires": true,

  "packages": {

    "": {

      "name": "@nagavarshini/medium-commonnew",

      "version": "2.0.0",

      "dependencies": {

        "@nagavarshini/medium-common": "^1.0.0",

        "@nagavarshini/medium-commonnew": "^2.0.0",

        "tsc": "^2.0.4",

        "typescript": "^5.3.3",

        "zod": "^3.22.4"

      }

    },

    "node_modules/@nagavarshini/medium-common": {

      "version": "1.0.0",

      "resolved": "https://registry.npmjs.org/@nagavarshini/medium-common/-/medium-common-1.0.0.tgz",

      "integrity": "sha512-WMNtbMXmvEWjKrck9vQZE/Z0ONzx5lIQwQXIpSP7L19YOujwTEZhq/ADphf/z6MTmEtqYYZ/Nwdt34HG3DaK0Q==",

      "dependencies": {

        "tsc": "^2.0.4",

        "typescript": "^5.3.3",

        "zod": "^3.22.4"

      }

    },

    "node_modules/@nagavarshini/medium-commonnew": {

      "version": "2.0.0",

      "resolved": "https://registry.npmjs.org/@nagavarshini/medium-commonnew/-/medium-commonnew-2.0.0.tgz",

      "integrity": "sha512-NOcXWYXGJQmocrKzvJiSjbxUG2qRvjxPTdBDknyhp4115CqYO7UKMGEs0/1YWXdjX6LUXrLZX2OFLdUl6uf3Tw==",

      "dependencies": {

        "@nagavarshini/medium-common": "^1.0.0",

        "tsc": "^2.0.4",

        "typescript": "^5.3.3",

        "zod": "^3.22.4"

      }

    },

    "node_modules/tsc": {

      "version": "2.0.4",

      "resolved": "https://registry.npmjs.org/tsc/-/tsc-2.0.4.tgz",

      "integrity": "sha512-fzoSieZI5KKJVBYGvwbVZs/J5za84f2lSTLPYf6AGiIf43tZ3GNrI1QzTLcjtyDDP4aLxd46RTZq1nQxe7+k5Q==",

      "bin": {

        "tsc": "bin/tsc"

      }

    },

    "node_modules/typescript": {

      "version": "5.3.3",

      "resolved": "https://registry.npmjs.org/typescript/-/typescript-5.3.3.tgz",

      "integrity": "sha512-pXWcraxM0uxAS+tN0AG/BF2TyqmHO014Z070UsJ+pFvYuRSq8KH8DmWpnbXe0pEPDHXZV3FcAbJkijJ5oNEnWw==",

      "bin": {

        "tsc": "bin/tsc",

        "tsserver": "bin/tsserver"

      },

      "engines": {

        "node": ">=14.17"

      }

    },

    "node_modules/zod": {

      "version": "3.22.4",

      "resolved": "https://registry.npmjs.org/zod/-/zod-3.22.4.tgz",

      "integrity": "sha512-iC+8Io04lddc+mVqQ9AZ7OQ2MrUKGN+oIQyq1vemgt46jwCwLfhq7/pwnBnNXXXZb8VTVLKwp9EDkx+ryxIWmg==",

      "funding": {

        "url": "https://github.com/sponsors/colinhacks"

      }

    }

  }

}

